
Microsoft Visual Studio Solution File, Format Version 12.00
# Visual Studio Version 16
VisualStudioVersion = 16.0.31702.278
MinimumVisualStudioVersion = 10.0.40219.1
Project("{FAE04EC0-301F-11D3-BF4B-00C04F79EFBC}") = "OperatorExercise", "OperatorExercise\OperatorExercise.csproj", "{A2F4B201-BC7C-4010-9207-467FFA59D3AD}"
EndProject
Global
	GlobalSection(SolutionConfigurationPlatforms) = preSolution
		Debug|Any CPU = Debug|Any CPU
		Release|Any CPU = Release|Any CPU
	EndGlobalSection
	GlobalSection(ProjectConfigurationPlatforms) = postSolution
		{A2F4B201-BC7C-4010-9207-467FFA59D3AD}.Debug|Any CPU.ActiveCfg = Debug|Any CPU
		{A2F4B201-BC7C-4010-9207-467FFA59D3AD}.Debug|Any CPU.Build.0 = Debug|Any CPU
		{A2F4B201-BC7C-4010-9207-467FFA59D3AD}.Release|Any CPU.ActiveCfg = Release|Any CPU
		{A2F4B201-BC7C-4010-9207-467FFA59D3AD}.Release|Any CPU.Build.0 = Release|Any CPU
	EndGlobalSection
	GlobalSection(SolutionProperties) = preSolution
		HideSolutionNode = FALSE
	EndGlobalSection
	GlobalSection(ExtensibilityGlobals) = postSolution
		SolutionGuid = {782FD7CD-DE6C-4370-B402-F31EA4A6EFC4}
	EndGlobalSection
EndGlobal
